{
  "name": "indigo-matter-bridge",
  "version": "0.17.2",
  "lockfileVersion": 3,
  "requires": true,
  "packages": {
    "": {
      "name": "indigo-matter-bridge",
      "version": "0.17.2",
      "license": "MIT",
      "dependencies": {
        "@matter/main": "0.17.8",
        "@matter/nodejs": "0.17.8",
        "ws": "8.21.2"
      },
      "bin": {
        "indigo-matter-bridge": "dist/main.js"
      },
      "devDependencies": {
        "@types/node": "^22.20.1",
        "@types/ws": "^8.18.1",
        "typescript": "^5.9.3"
      },
      "engines": {
        "node": ">=22.13.0"
      }
    },
    "node_modules/@matter/general": {
      "version": "0.17.8",
      "resolved": "https://registry.npmjs.org/@matter/general/-/general-0.17.8.tgz",
      "integrity": "sha512-gSjnMG2fXtXoAqvUWe8HXdJLl1QzR1I6YWVflWWomEghNymUdz/y2aY46R0e87x8fFkuDRFchVX8t1C00eG8bQ==",
      "license": "Apache-2.0",
      "dependencies": {
        "@noble/curves": "^2.2.0"
      }
    },
    "node_modules/@matter/main": {
      "version": "0.17.8",
      "resolved": "https://registry.npmjs.org/@matter/main/-/main-0.17.8.tgz",
      "integrity": "sha512-+KHxt0OU1GnrhfFsfFOWRfXHtukgBt4g8fWZ7hPO4NwFfFsZgd8zyHqioUgRbru/hIRqZjqljZGnWkJlkwfxyg==",
      "license": "Apache-2.0",
      "dependencies": {
        "@matter/general": "0.17.8",
        "@matter/model": "0.17.8",
        "@matter/node": "0.17.8",
        "@matter/protocol": "0.17.8",
        "@matter/types": "0.17.8"
      },
      "optionalDependencies": {
        "@matter/nodejs": "0.17.8"
      }
    },
    "node_modules/@matter/model": {
      "version": "0.17.8",
      "resolved": "https://registry.npmjs.org/@matter/model/-/model-0.17.8.tgz",
      "integrity": "sha512-vAOv/YdFuexjOD3cHibvFU8uMtAxgbC8GJg8395OXJy4PRcLW7hV1TPtA5+X14I+yxCtZyqE3fylV2y1t1AVkw==",
      "license": "Apache-2.0",
      "dependencies": {
        "@matter/general": "0.17.8"
      }
    },
    "node_modules/@matter/node": {
      "version": "0.17.8",
      "resolved": "https://registry.npmjs.org/@matter/node/-/node-0.17.8.tgz",
      "integrity": "sha512-EexLTjwgtEwT4j3AtNs32o/DzvMuS/tkm6XVUPOZjAQijl4qKUjNYcy3UxSzLQQkxD0MpwIbTzd5bH4gD7SIjA==",
      "license": "Apache-2.0",
      "dependencies": {
        "@matter/general": "0.17.8",
        "@matter/model": "0.17.8",
        "@matter/protocol": "0.17.8",
        "@matter/types": "0.17.8"
      }
    },
    "node_modules/@matter/nodejs": {
      "version": "0.17.8",
      "resolved": "https://registry.npmjs.org/@matter/nodejs/-/nodejs-0.17.8.tgz",
      "integrity": "sha512-UytC/qovZpltsc2o5wsNu65gp0SBq9d0FNiJZwVAyERdw++cdDQAsceEHMuU0/4pefG4d/c1lP3J7cTMMT3T1A==",
      "license": "Apache-2.0",
      "dependencies": {
        "@matter/general": "0.17.8",
        "@matter/node": "0.17.8",
        "@matter/protocol": "0.17.8",
        "@matter/types": "0.17.8"
      },
      "engines": {
        "node": ">=20.19.0 <22.0.0 || >=22.13.0"
      }
    },
    "node_modules/@matter/protocol": {
      "version": "0.17.8",
      "resolved": "https://registry.npmjs.org/@matter/protocol/-/protocol-0.17.8.tgz",
      "integrity": "sha512-vXd83JuqnBQ1oNm04NSv5I/yXxl5yek4qQUW+mBfKKFBwx3HR0mEzqWzPXmCYJdxtRDnRDWISlyIYJZU/SlzZQ==",
      "license": "Apache-2.0",
      "dependencies": {
        "@matter/general": "0.17.8",
        "@matter/model": "0.17.8",
        "@matter/types": "0.17.8"
      }
    },
    "node_modules/@matter/types": {
      "version": "0.17.8",
      "resolved": "https://registry.npmjs.org/@matter/types/-/types-0.17.8.tgz",
      "integrity": "sha512-z63hjdOAPbPFHum42zqtuShBJ0ypB/hVVmAjxmYH3sVOu2wDmji8T5GOh0j8MnKQG2DZNEkq/a97IctoVOcyCQ==",
      "license": "Apache-2.0",
      "dependencies": {
        "@matter/general": "0.17.8",
        "@matter/model": "0.17.8"
      }
    },
    "node_modules/@noble/curves": {
      "version": "2.2.0",
      "resolved": "https://registry.npmjs.org/@noble/curves/-/curves-2.2.0.tgz",
      "integrity": "sha512-T/BoHgFXirb0ENSPBquzX0rcjXeM6Lo892a2jlYJkqk83LqZx0l1Of7DzlKJ6jkpvMrkHSnAcgb5JegL8SeIkQ==",
      "license": "MIT",
      "dependencies": {
        "@noble/hashes": "2.2.0"
      },
      "engines": {
        "node": ">= 20.19.0"
      },
      "funding": {
        "url": "https://paulmillr.com/funding/"
      }
    },
    "node_modules/@noble/hashes": {
      "version": "2.2.0",
      "resolved": "https://registry.npmjs.org/@noble/hashes/-/hashes-2.2.0.tgz",
      "integrity": "sha512-IYqDGiTXab6FniAgnSdZwgWbomxpy9FtYvLKs7wCUs2a8RkITG+DFGO1DM9cr+E3/RgADRpFjrKVaJ1z6sjtEg==",
      "license": "MIT",
      "engines": {
        "node": ">= 20.19.0"
      },
      "funding": {
        "url": "https://paulmillr.com/funding/"
      }
    },
    "node_modules/@types/node": {
      "version": "22.20.1",
      "resolved": "https://registry.npmjs.org/@types/node/-/node-22.20.1.tgz",
      "integrity": "sha512-EANqOCF9QFyra+4pfxUcX9STKJpCLjMbObVzljIJomAWSnuSIEAvyzEU53GaajbXJEgdh0iEcPL+DGvpUd4k1Q==",
      "dev": true,
      "license": "MIT",
      "dependencies": {
        "undici-types": "~6.21.0"
      }
    },
    "node_modules/@types/ws": {
      "version": "8.18.1",
      "resolved": "https://registry.npmjs.org/@types/ws/-/ws-8.18.1.tgz",
      "integrity": "sha512-ThVF6DCVhA8kUGy+aazFQ4kXQ7E1Ty7A3ypFOe0IcJV8O/M511G99AW24irKrW56Wt44yG9+ij8FaqoBGkuBXg==",
      "dev": true,
      "license": "MIT",
      "dependencies": {
        "@types/node": "*"
      }
    },
    "node_modules/typescript": {
      "version": "5.9.3",
      "resolved": "https://registry.npmjs.org/typescript/-/typescript-5.9.3.tgz",
      "integrity": "sha512-jl1vZzPDinLr9eUt3J/t7V6FgNEw9QjvBPdysz9KfQDD41fQrC2Y4vKQdiaUpFT4bXlb1RHhLpp8wtm6M5TgSw==",
      "dev": true,
      "license": "Apache-2.0",
      "bin": {
        "tsc": "bin/tsc",
        "tsserver": "bin/tsserver"
      },
      "engines": {
        "node": ">=14.17"
      }
    },
    "node_modules/undici-types": {
      "version": "6.21.0",
      "resolved": "https://registry.npmjs.org/undici-types/-/undici-types-6.21.0.tgz",
      "integrity": "sha512-iwDZqg0QAGrg9Rav5H4n0M64c3mkR59cJ6wQp+7C4nI0gsmExaedaYLNO44eT4AtBBwjbTiGPMlt2Md0T9H9JQ==",
      "dev": true,
      "license": "MIT"
    },
    "node_modules/ws": {
      "version": "8.21.2",
      "resolved": "https://registry.npmjs.org/ws/-/ws-8.21.2.tgz",
      "integrity": "sha512-54dMVAo4WIe6SKy3vBgN+9bJZqqQ8IMRevAkOLQALhi49qkkQDQfWdAZ8KQlXiEabw88ARXXdUrlvtbKQX+aKw==",
      "license": "MIT",
      "engines": {
        "node": ">=10.0.0"
      },
      "peerDependencies": {
        "bufferutil": "^4.0.1",
        "utf-8-validate": ">=5.0.2"
      },
      "peerDependenciesMeta": {
        "bufferutil": {
          "optional": true
        },
        "utf-8-validate": {
          "optional": true
        }
      }
    }
  }
}
